// !$*UTF8*$!
{
	archiveVersion = 1;
	classes = {
	};
	objectVersion = 46;
	objects = {

/* Begin PBXBuildFile section */
		8C5BBA561F60EB3D00746D75 /* AppDelegate.swift in Sources */ = {isa = PBXBuildFile; fileRef = 8C5BBA551F60EB3D00746D75 /* AppDelegate.swift */; };
		8C5BBA581F60EB3D00746D75 /* ViewController.swift in Sources */ = {isa = PBXBuildFile; fileRef = 8C5BBA571F60EB3D00746D75 /* ViewController.swift */; };
		8C5BBA5B1F60EB3E00746D75 /* Main.storyboard in Resources */ = {isa = PBXBuildFile; fileRef = 8C5BBA591F60EB3E00746D75 /* Main.storyboard */; };
		8C5BBA5D1F60EB3E00746D75 /* Assets.xcassets in Resources */ = {isa = PBXBuildFile; fileRef = 8C5BBA5C1F60EB3E00746D75 /* Assets.xcassets */; };
		8C5BBA601F60EB3E00746D75 /* LaunchScreen.storyboard in Resources */ = {isa = PBXBuildFile; fileRef = 8C5BBA5E1F60EB3E00746D75 /* LaunchScreen.storyboard */; };
		8C5BBA6B1F60EB3E00746D75 /* Swift_App_1Tests.swift in Sources */ = {isa = PBXBuildFile; fileRef = 8C5BBA6A1F60EB3E00746D75 /* Swift_App_1Tests.swift */; };
		8C5BBA761F60EB3E00746D75 /* Swift_App_1UITests.swift in Sources */ = {isa = PBXBuildFile; fileRef = 8C5BBA751F60EB3E00746D75 /* Swift_App_1UITests.swift */; };
/* End PBXBuildFile section */

/* Begin PBXContainerItemProxy section */
		8C5BBA671F60EB3E00746D75 /* PBXContainerItemProxy */ = {
			isa = PBXContainerItemProxy;
			containerPortal = 8C5BBA4A1F60EB3C00746D75 /* Project object */;
			proxyType = 1;
			remoteGlobalIDString = 8C5BBA511F60EB3D00746D75;
			remoteInfo = "Swift-App-1";
		};
		8C5BBA721F60EB3E00746D75 /* PBXContainerItemProxy */ = {
			isa = PBXContainerItemProxy;
			containerPortal = 8C5BBA4A1F60EB3C00746D75 /* Project object */;
			proxyType = 1;
			remoteGlobalIDString = 8C5BBA511F60EB3D00746D75;
			remoteInfo = "Swift-App-1";
		};
/* End PBXContainerItemProxy section */

/* Begin PBXFileReference section */
		8C5BBA521F60EB3D00746D75 /* Swift-App-1.app */ = {isa = PBXFileReference; explicitFileType = wrapper.application; includeInIndex = 0; path = "Swift-App-1.app"; sourceTree = BUILT_PRODUCTS_DIR; };
		8C5BBA551F60EB3D00746D75 /* AppDelegate.swift */ = {isa = PBXFileReference; lastKnownFileType = sourcecode.swift; path = AppDelegate.swift; sourceTree = "<group>"; };
		8C5BBA571F60EB3D00746D75 /* ViewController.swift */ = {isa = PBXFileReference; lastKnownFileType = sourcecode.swift; path = ViewController.swift; sourceTree = "<group>"; };
		8C5BBA5A1F60EB3E00746D75 /* Base */ = {isa = PBXFileReference; lastKnownFileType = file.storyboard; name = Base; path = Base.lproj/Main.storyboard; sourceTree = "<group>"; };
		8C5BBA5C1F60EB3E00746D75 /* Assets.xcassets */ = {isa = PBXFileReference; lastKnownFileType = folder.assetcatalog; path = Assets.xcassets; sourceTree = "<group>"; };
		8C5BBA5F1F60EB3E00746D75 /* Base */ = {isa = PBXFileReference; lastKnownFileType = file.storyboard; name = Base; path = Base.lproj/LaunchScreen.storyboard; sourceTree = "<group>"; };
		8C5BBA611F60EB3E00746D75 /* Info.plist */ = {isa = PBXFileReference; lastKnownFileType = text.plist.xml; path = Info.plist; sourceTree = "<group>"; };
		8C5BBA661F60EB3E00746D75 /* Swift-App-1Tests.xctest */ = {isa = PBXFileReference; explicitFileType = wrapper.cfbundle; includeInIndex = 0; path = "Swift-App-1Tests.xctest"; sourceTree = BUILT_PRODUCTS_DIR; };
		8C5BBA6A1F60EB3E00746D75 /* Swift_App_1Tests.swift */ = {isa = PBXFileReference; lastKnownFileType = sourcecode.swift; path = Swift_App_1Tests.swift; sourceTree = "<group>"; };
		8C5BBA6C1F60EB3E00746D75 /* Info.plist */ = {isa = PBXFileReference; lastKnownFileType = text.plist.xml; path = Info.plist; sourceTree = "<group>"; };
		8C5BBA711F60EB3E00746D75 /* Swift-App-1UITests.xctest */ = {isa = PBXFileReference; explicitFileType = wrapper.cfbundle; includeInIndex = 0; path = "Swift-App-1UITests.xctest"; sourceTree = BUILT_PRODUCTS_DIR; };
		8C5BBA751F60EB3E00746D75 /* Swift_App_1UITests.swift */ = {isa = PBXFileReference; lastKnownFileType = sourcecode.swift; path = Swift_App_1UITests.swift; sourceTree = "<group>"; };
		8C5BBA771F60EB3E00746D75 /* Info.plist */ = {isa = PBXFileReference; lastKnownFileType = text.plist.xml; path = Info.plist; sourceTree = "<group>"; };
/* End PBXFileReference section */

/* Begin PBXFrameworksBuildPhase section */
		8C5BBA4F1F60EB3D00746D75 /* Frameworks */ = {
			isa = PBXFrameworksBuildPhase;
			buildActionMask = 2147483647;
			files = (
			);
			runOnlyForDeploymentPostprocessing = 0;
		};
		8C5BBA631F60EB3E00746D75 /* Frameworks */ = {
			isa = PBXFrameworksBuildPhase;
			buildActionMask = 2147483647;
			files = (
			);
			runOnlyForDeploymentPostprocessing = 0;
		};
		8C5BBA6E1F60EB3E00746D75 /* Frameworks */ = {
			isa = PBXFrameworksBuildPhase;
			buildActionMask = 2147483647;
			files = (
			);
			runOnlyForDeploymentPostprocessing = 0;
		};
/* End PBXFrameworksBuildPhase section */

/* Begin PBXGroup section */
		8C5BBA491F60EB3C00746D75 = {
			isa = PBXGroup;
			children = (
				8C5BBA541F60EB3D00746D75 /* Swift-App-1 */,
				8C5BBA691F60EB3E00746D75 /* Swift-App-1Tests */,
				8C5BBA741F60EB3E00746D75 /* Swift-App-1UITests */,
				8C5BBA531F60EB3D00746D75 /* Products */,
			);
			sourceTree = "<group>";
		};
		8C5BBA531F60EB3D00746D75 /* Products */ = {
			isa = PBXGroup;
			children = (
				8C5BBA521F60EB3D00746D75 /* Swift-App-1.app */,
				8C5BBA661F60EB3E00746D75 /* Swift-App-1Tests.xctest */,
				8C5BBA711F60EB3E00746D75 /* Swift-App-1UITests.xctest */,
			);
			name = Products;
			sourceTree = "<group>";
		};
		8C5BBA541F60EB3D00746D75 /* Swift-App-1 */ = {
			isa = PBXGroup;
			children = (
				8C5BBA551F60EB3D00746D75 /* AppDelegate.swift */,
				8C5BBA571F60EB3D00746D75 /* ViewController.swift */,
				8C5BBA591F60EB3E00746D75 /* Main.storyboard */,
				8C5BBA5C1F60EB3E00746D75 /* Assets.xcassets */,
				8C5BBA5E1F60EB3E00746D75 /* LaunchScreen.storyboard */,
				8C5BBA611F60EB3E00746D75 /* Info.plist */,
			);
			path = "Swift-App-1";
			sourceTree = "<group>";
		};
		8C5BBA691F60EB3E00746D75 /* Swift-App-1Tests */ = {
			isa = PBXGroup;
			children = (
				8C5BBA6A1F60EB3E00746D75 /* Swift_App_1Tests.swift */,
				8C5BBA6C1F60EB3E00746D75 /* Info.plist */,
			);
			path = "Swift-App-1Tests";
			sourceTree = "<group>";
		};
		8C5BBA741F60EB3E00746D75 /* Swift-App-1UITests */ = {
			isa = PBXGroup;
			children = (
				8C5BBA751F60EB3E00746D75 /* Swift_App_1UITests.swift */,
				8C5BBA771F60EB3E00746D75 /* Info.plist */,
			);
			path = "Swift-App-1UITests";
			sourceTree = "<group>";
		};
/* End PBXGroup section */

/* Begin PBXNativeTarget section */
		8C5BBA511F60EB3D00746D75 /* Swift-App-1 */ = {
			isa = PBXNativeTarget;
			buildConfigurationList = 8C5BBA7A1F60EB3E00746D75 /* Build configuration list for PBXNativeTarget "Swift-App-1" */;
			buildPhases = (
				8C5BBA4E1F60EB3D00746D75 /* Sources */,
				8C5BBA4F1F60EB3D00746D75 /* Frameworks */,
				8C5BBA501F60EB3D00746D75 /* Resources */,
			);
			buildRules = (
			);
			dependencies = (
			);
			name = "Swift-App-1";
			productName = "Swift-App-1";
			productReference = 8C5BBA521F60EB3D00746D75 /* Swift-App-1.app */;
			productType = "com.apple.product-type.application";
		};
		8C5BBA651F60EB3E00746D75 /* Swift-App-1Tests */ = {
			isa = PBXNativeTarget;
			buildConfigurationList = 8C5BBA7D1F60EB3E00746D75 /* Build configuration list for PBXNativeTarget "Swift-App-1Tests" */;
			buildPhases = (
				8C5BBA621F60EB3E00746D75 /* Sources */,
				8C5BBA631F60EB3E00746D75 /* Frameworks */,
				8C5BBA641F60EB3E00746D75 /* Resources */,
			);
			buildRules = (
			);
			dependencies = (
				8C5BBA681F60EB3E00746D75 /* PBXTargetDependency */,
			);
			name = "Swift-App-1Tests";
			productName = "Swift-App-1Tests";
			productReference = 8C5BBA661F60EB3E00746D75 /* Swift-App-1Tests.xctest */;
			productType = "com.apple.product-type.bundle.unit-test";
		};
		8C5BBA701F60EB3E00746D75 /* Swift-App-1UITests */ = {
			isa = PBXNativeTarget;
			buildConfigurationList = 8C5BBA801F60EB3E00746D75 /* Build configuration list for PBXNativeTarget "Swift-App-1UITests" */;
			buildPhases = (
				8C5BBA6D1F60EB3E00746D75 /* Sources */,
				8C5BBA6E1F60EB3E00746D75 /* Frameworks */,
				8C5BBA6F1F60EB3E00746D75 /* Resources */,
			);
			buildRules = (
			);
			dependencies = (
				8C5BBA731F60EB3E00746D75 /* PBXTargetDependency */,
			);
			name = "Swift-App-1UITests";
			productName = "Swift-App-1UITests";
			productReference = 8C5BBA711F60EB3E00746D75 /* Swift-App-1UITests.xctest */;
			productType = "com.apple.product-type.bundle.ui-testing";
		};
/* End PBXNativeTarget section */

/* Begin PBXProject section */
		8C5BBA4A1F60EB3C00746D75 /* Project object */ = {
			isa = PBXProject;
			attributes = {
				LastSwiftUpdateCheck = 0830;
				LastUpgradeCheck = 0830;
				ORGANIZATIONNAME = "Timirah James";
				TargetAttributes = {
					8C5BBA511F60EB3D00746D75 = {
						CreatedOnToolsVersion = 8.3.3;
						DevelopmentTeam = 93E2HR7CZ6;
						ProvisioningStyle = Automatic;
					};
					8C5BBA651F60EB3E00746D75 = {
						CreatedOnToolsVersion = 8.3.3;
						DevelopmentTeam = 93E2HR7CZ6;
						ProvisioningStyle = Automatic;
						TestTargetID = 8C5BBA511F60EB3D00746D75;
					};
					8C5BBA701F60EB3E00746D75 = {
						CreatedOnToolsVersion = 8.3.3;
						DevelopmentTeam = 93E2HR7CZ6;
						ProvisioningStyle = Automatic;
						TestTargetID = 8C5BBA511F60EB3D00746D75;
					};
				};
			};
			buildConfigurationList = 8C5BBA4D1F60EB3C00746D75 /* Build configuration list for PBXProject "Swift-App-1" */;
			compatibilityVersion = "Xcode 3.2";
			developmentRegion = English;
			hasScannedForEncodings = 0;
			knownRegions = (
				en,
				Base,
			);
			mainGroup = 8C5BBA491F60EB3C00746D75;
			productRefGroup = 8C5BBA531F60EB3D00746D75 /* Products */;
			projectDirPath = "";
			projectRoot = "";
			targets = (
				8C5BBA511F60EB3D00746D75 /* Swift-App-1 */,
				8C5BBA651F60EB3E00746D75 /* Swift-App-1Tests */,
				8C5BBA701F60EB3E00746D75 /* Swift-App-1UITests */,
			);
		};
/* End PBXProject section */

/* Begin PBXResourcesBuildPhase section */
		8C5BBA501F60EB3D00746D75 /* Resources */ = {
			isa = PBXResourcesBuildPhase;
			buildActionMask = 2147483647;
			files = (
				8C5BBA601F60EB3E00746D75 /* LaunchScreen.storyboard in Resources */,
				8C5BBA5D1F60EB3E00746D75 /* Assets.xcassets in Resources */,
				8C5BBA5B1F60EB3E00746D75 /* Main.storyboard in Resources */,
			);
			runOnlyForDeploymentPostprocessing = 0;
		};
		8C5BBA641F60EB3E00746D75 /* Resources */ = {
			isa = PBXResourcesBuildPhase;
			buildActionMask = 2147483647;
			files = (
			);
			runOnlyForDeploymentPostprocessing = 0;
		};
		8C5BBA6F1F60EB3E00746D75 /* Resources */ = {
			isa = PBXResourcesBuildPhase;
			buildActionMask = 2147483647;
			files = (
			);
			runOnlyForDeploymentPostprocessing = 0;
		};
/* End PBXResourcesBuildPhase section */

/* Begin PBXSourcesBuildPhase section */
		8C5BBA4E1F60EB3D00746D75 /* Sources */ = {
			isa = PBXSourcesBuildPhase;
			buildActionMask = 2147483647;
			files = (
				8C5BBA581F60EB3D00746D75 /* ViewController.swift in Sources */,
				8C5BBA561F60EB3D00746D75 /* AppDelegate.swift in Sources */,
			);
			runOnlyForDeploymentPostprocessing = 0;
		};
		8C5BBA621F60EB3E00746D75 /* Sources */ = {
			isa = PBXSourcesBuildPhase;
			buildActionMask = 2147483647;
			files = (
				8C5BBA6B1F60EB3E00746D75 /* Swift_App_1Tests.swift in Sources */,
			);
			runOnlyForDeploymentPostprocessing = 0;
		};
		8C5BBA6D1F60EB3E00746D75 /* Sources */ = {
			isa = PBXSourcesBuildPhase;
			buildActionMask = 2147483647;
			files = (
				8C5BBA761F60EB3E00746D75 /* Swift_App_1UITests.swift in Sources */,
			);
			runOnlyForDeploymentPostprocessing = 0;
		};
/* End PBXSourcesBuildPhase section */

/* Begin PBXTargetDependency section */
		8C5BBA681F60EB3E00746D75 /* PBXTargetDependency */ = {
			isa = PBXTargetDependency;
			target = 8C5BBA511F60EB3D00746D75 /* Swift-App-1 */;
			targetProxy = 8C5BBA671F60EB3E00746D75 /* PBXContainerItemProxy */;
		};
		8C5BBA731F60EB3E00746D75 /* PBXTargetDependency */ = {
			isa = PBXTargetDependency;
			target = 8C5BBA511F60EB3D00746D75 /* Swift-App-1 */;
			targetProxy = 8C5BBA721F60EB3E00746D75 /* PBXContainerItemProxy */;
		};
/* End PBXTargetDependency section */

/* Begin PBXVariantGroup section */
		8C5BBA591F60EB3E00746D75 /* Main.storyboard */ = {
			isa = PBXVariantGroup;
			children = (
				8C5BBA5A1F60EB3E00746D75 /* Base */,
			);
			name = Main.storyboard;
			sourceTree = "<group>";
		};
		8C5BBA5E1F60EB3E00746D75 /* LaunchScreen.storyboard */ = {
			isa = PBXVariantGroup;
			children = (
				8C5BBA5F1F60EB3E00746D75 /* Base */,
			);
			name = LaunchScreen.storyboard;
			sourceTree = "<group>";
		};
/* End PBXVariantGroup section */

/* Begin XCBuildConfiguration section */
		8C5BBA781F60EB3E00746D75 /* Debug */ = {
			isa = XCBuildConfiguration;
			buildSettings = {
				ALWAYS_SEARCH_USER_PATHS = NO;
				CLANG_ANALYZER_NONNULL = YES;
				CLANG_ANALYZER_NUMBER_OBJECT_CONVERSION = YES_AGGRESSIVE;
				CLANG_CXX_LANGUAGE_STANDARD = "gnu++0x";
				CLANG_CXX_LIBRARY = "libc++";
				CLANG_ENABLE_MODULES = YES;
				CLANG_ENABLE_OBJC_ARC = YES;
				CLANG_WARN_BOOL_CONVERSION = YES;
				CLANG_WARN_CONSTANT_CONVERSION = YES;
				CLANG_WARN_DIRECT_OBJC_ISA_USAGE = YES_ERROR;
				CLANG_WARN_DOCUMENTATION_COMMENTS = YES;
				CLANG_WARN_EMPTY_BODY = YES;
				CLANG_WARN_ENUM_CONVERSION = YES;
				CLANG_WARN_INFINITE_RECURSION = YES;
				CLANG_WARN_INT_CONVERSION = YES;
				CLANG_WARN_OBJC_ROOT_CLASS = YES_ERROR;
				CLANG_WARN_SUSPICIOUS_MOVE = YES;
				CLANG_WARN_UNREACHABLE_CODE = YES;
				CLANG_WARN__DUPLICATE_METHOD_MATCH = YES;
				"CODE_SIGN_IDENTITY[sdk=iphoneos*]" = "iPhone Developer";
				COPY_PHASE_STRIP = NO;
				DEBUG_INFORMATION_FORMAT = dwarf;
				ENABLE_STRICT_OBJC_MSGSEND = YES;
				ENABLE_TESTABILITY = YES;
				GCC_C_LANGUAGE_STANDARD = gnu99;
				GCC_DYNAMIC_NO_PIC = NO;
				GCC_NO_COMMON_BLOCKS = YES;
				GCC_OPTIMIZATION_LEVEL = 0;
				GCC_PREPROCESSOR_DEFINITIONS = (
					"DEBUG=1",
					"$(inherited)",
				);
				GCC_WARN_64_TO_32_BIT_CONVERSION = YES;
				GCC_WARN_ABOUT_RETURN_TYPE = YES_ERROR;
				GCC_WARN_UNDECLARED_SELECTOR = YES;
				GCC_WARN_UNINITIALIZED_AUTOS = YES_AGGRESSIVE;
				GCC_WARN_UNUSED_FUNCTION = YES;
				GCC_WARN_UNUSED_VARIABLE = YES;
				IPHONEOS_DEPLOYMENT_TARGET = 10.3;
				MTL_ENABLE_DEBUG_INFO = YES;
				ONLY_ACTIVE_ARCH = YES;
				SDKROOT = iphoneos;
				SWIFT_ACTIVE_COMPILATION_CONDITIONS = DEBUG;
				SWIFT_OPTIMIZATION_LEVEL = "-Onone";
				TARGETED_DEVICE_FAMILY = "1,2";
			};
			name = Debug;
		};
		8C5BBA791F60EB3E00746D75 /* Release */ = {
			isa = XCBuildConfiguration;
			buildSettings = {
				ALWAYS_SEARCH_USER_PATHS = NO;
				CLANG_ANALYZER_NONNULL = YES;
				CLANG_ANALYZER_NUMBER_OBJECT_CONVERSION = YES_AGGRESSIVE;
				CLANG_CXX_LANGUAGE_STANDARD = "gnu++0x";
				CLANG_CXX_LIBRARY = "libc++";
				CLANG_ENABLE_MODULES = YES;
				CLANG_ENABLE_OBJC_ARC = YES;
				CLANG_WARN_BOOL_CONVERSION = YES;
				CLANG_WARN_CONSTANT_CONVERSION = YES;
				CLANG_WARN_DIRECT_OBJC_ISA_USAGE = YES_ERROR;
				CLANG_WARN_DOCUMENTATION_COMMENTS = YES;
				CLANG_WARN_EMPTY_BODY = YES;
				CLANG_WARN_ENUM_CONVERSION = YES;
				CLANG_WARN_INFINITE_RECURSION = YES;
				CLANG_WARN_INT_CONVERSION = YES;
				CLANG_WARN_OBJC_ROOT_CLASS = YES_ERROR;
				CLANG_WARN_SUSPICIOUS_MOVE = YES;
				CLANG_WARN_UNREACHABLE_CODE = YES;
				CLANG_WARN__DUPLICATE_METHOD_MATCH = YES;
				"CODE_SIGN_IDENTITY[sdk=iphoneos*]" = "iPhone Developer";
				COPY_PHASE_STRIP = NO;
				DEBUG_INFORMATION_FORMAT = "dwarf-with-dsym";
				ENABLE_NS_ASSERTIONS = NO;
				ENABLE_STRICT_OBJC_MSGSEND = YES;
				GCC_C_LANGUAGE_STANDARD = gnu99;
				GCC_NO_COMMON_BLOCKS = YES;
				GCC_WARN_64_TO_32_BIT_CONVERSION = YES;
				GCC_WARN_ABOUT_RETURN_TYPE = YES_ERROR;
				GCC_WARN_UNDECLARED_SELECTOR = YES;
				GCC_WARN_UNINITIALIZED_AUTOS = YES_AGGRESSIVE;
				GCC_WARN_UNUSED_FUNCTION = YES;
				GCC_WARN_UNUSED_VARIABLE = YES;
				IPHONEOS_DEPLOYMENT_TARGET = 10.3;
				MTL_ENABLE_DEBUG_INFO = NO;
				SDKROOT = iphoneos;
				SWIFT_OPTIMIZATION_LEVEL = "-Owholemodule";
				TARGETED_DEVICE_FAMILY = "1,2";
				VALIDATE_PRODUCT = YES;
			};
			name = Release;
		};
		8C5BBA7B1F60EB3E00746D75 /* Debug */ = {
			isa = XCBuildConfiguration;
			buildSettings = {
				ASSETCATALOG_COMPILER_APPICON_NAME = AppIcon;
				DEVELOPMENT_TEAM = 93E2HR7CZ6;
				INFOPLIST_FILE = "Swift-App-1/Info.plist";
				LD_RUNPATH_SEARCH_PATHS = "$(inherited) @executable_path/Frameworks";
				PRODUCT_BUNDLE_IDENTIFIER = "com.timirahjames.Swift-App-1";
				PRODUCT_NAME = "$(TARGET_NAME)";
				SWIFT_VERSION = 3.0;
			};
			name = Debug;
		};
		8C5BBA7C1F60EB3E00746D75 /* Release */ = {
			isa = XCBuildConfiguration;
			buildSettings = {
				ASSETCATALOG_COMPILER_APPICON_NAME = AppIcon;
				DEVELOPMENT_TEAM = 93E2HR7CZ6;
				INFOPLIST_FILE = "Swift-App-1/Info.plist";
				LD_RUNPATH_SEARCH_PATHS = "$(inherited) @executable_path/Frameworks";
				PRODUCT_BUNDLE_IDENTIFIER = "com.timirahjames.Swift-App-1";
				PRODUCT_NAME = "$(TARGET_NAME)";
				SWIFT_VERSION = 3.0;
			};
			name = Release;
		};
		8C5BBA7E1F60EB3E00746D75 /* Debug */ = {
			isa = XCBuildConfiguration;
			buildSettings = {
				ALWAYS_EMBED_SWIFT_STANDARD_LIBRARIES = YES;
				BUNDLE_LOADER = "$(TEST_HOST)";
				DEVELOPMENT_TEAM = 93E2HR7CZ6;
				INFOPLIST_FILE = "Swift-App-1Tests/Info.plist";
				LD_RUNPATH_SEARCH_PATHS = "$(inherited) @executable_path/Frameworks @loader_path/Frameworks";
				PRODUCT_BUNDLE_IDENTIFIER = "com.timirahjames.Swift-App-1Tests";
				PRODUCT_NAME = "$(TARGET_NAME)";
				SWIFT_VERSION = 3.0;
				TEST_HOST = "$(BUILT_PRODUCTS_DIR)/Swift-App-1.app/Swift-App-1";
			};
			name = Debug;
		};
		8C5BBA7F1F60EB3E00746D75 /* Release */ = {
			isa = XCBuildConfiguration;
			buildSettings = {
				ALWAYS_EMBED_SWIFT_STANDARD_LIBRARIES = YES;
				BUNDLE_LOADER = "$(TEST_HOST)";
				DEVELOPMENT_TEAM = 93E2HR7CZ6;
				INFOPLIST_FILE = "Swift-App-1Tests/Info.plist";
				LD_RUNPATH_SEARCH_PATHS = "$(inherited) @executable_path/Frameworks @loader_path/Frameworks";
				PRODUCT_BUNDLE_IDENTIFIER = "com.timirahjames.Swift-App-1Tests";
				PRODUCT_NAME = "$(TARGET_NAME)";
				SWIFT_VERSION = 3.0;
				TEST_HOST = "$(BUILT_PRODUCTS_DIR)/Swift-App-1.app/Swift-App-1";
			};
			name = Release;
		};
		8C5BBA811F60EB3E00746D75 /* Debug */ = {
			isa = XCBuildConfiguration;
			buildSettings = {
				ALWAYS_EMBED_SWIFT_STANDARD_LIBRARIES = YES;
				DEVELOPMENT_TEAM = 93E2HR7CZ6;
				INFOPLIST_FILE = "Swift-App-1UITests/Info.plist";
				LD_RUNPATH_SEARCH_PATHS = "$(inherited) @executable_path/Frameworks @loader_path/Frameworks";
				PRODUCT_BUNDLE_IDENTIFIER = "com.timirahjames.Swift-App-1UITests";
				PRODUCT_NAME = "$(TARGET_NAME)";
				SWIFT_VERSION = 3.0;
				TEST_TARGET_NAME = "Swift-App-1";
			};
			name = Debug;
		};
		8C5BBA821F60EB3E00746D75 /* Release */ = {
			isa = XCBuildConfiguration;
			buildSettings = {
				ALWAYS_EMBED_SWIFT_STANDARD_LIBRARIES = YES;
				DEVELOPMENT_TEAM = 93E2HR7CZ6;
				INFOPLIST_FILE = "Swift-App-1UITests/Info.plist";
				LD_RUNPATH_SEARCH_PATHS = "$(inherited) @executable_path/Frameworks @loader_path/Frameworks";
				PRODUCT_BUNDLE_IDENTIFIER = "com.timirahjames.Swift-App-1UITests";
				PRODUCT_NAME = "$(TARGET_NAME)";
				SWIFT_VERSION = 3.0;
				TEST_TARGET_NAME = "Swift-App-1";
			};
			name = Release;
		};
/* End XCBuildConfiguration section */

/* Begin XCConfigurationList section */
		8C5BBA4D1F60EB3C00746D75 /* Build configuration list for PBXProject "Swift-App-1" */ = {
			isa = XCConfigurationList;
			buildConfigurations = (
				8C5BBA781F60EB3E00746D75 /* Debug */,
				8C5BBA791F60EB3E00746D75 /* Release */,
			);
			defaultConfigurationIsVisible = 0;
			defaultConfigurationName = Release;
		};
		8C5BBA7A1F60EB3E00746D75 /* Build configuration list for PBXNativeTarget "Swift-App-1" */ = {
			isa = XCConfigurationList;
			buildConfigurations = (
				8C5BBA7B1F60EB3E00746D75 /* Debug */,
				8C5BBA7C1F60EB3E00746D75 /* Release */,
			);
			defaultConfigurationIsVisible = 0;
		};
		8C5BBA7D1F60EB3E00746D75 /* Build configuration list for PBXNativeTarget "Swift-App-1Tests" */ = {
			isa = XCConfigurationList;
			buildConfigurations = (
				8C5BBA7E1F60EB3E00746D75 /* Debug */,
				8C5BBA7F1F60EB3E00746D75 /* Release */,
			);
			defaultConfigurationIsVisible = 0;
		};
		8C5BBA801F60EB3E00746D75 /* Build configuration list for PBXNativeTarget "Swift-App-1UITests" */ = {
			isa = XCConfigurationList;
			buildConfigurations = (
				8C5BBA811F60EB3E00746D75 /* Debug */,
				8C5BBA821F60EB3E00746D75 /* Release */,
			);
			defaultConfigurationIsVisible = 0;
		};
/* End XCConfigurationList section */
	};
	rootObject = 8C5BBA4A1F60EB3C00746D75 /* Project object */;
}
